// !$*UTF8*$!
{
	archiveVersion = 1;
	classes = {
	};
	objectVersion = 46;
	objects = {

/* Begin PBXBuildFile section */
		7ECC03521DB26410003300C9 /* main.m in Sources */ = {isa = PBXBuildFile; fileRef = 7ECC03511DB26410003300C9 /* main.m */; };
		7ECC03551DB26410003300C9 /* AppDelegate.m in Sources */ = {isa = PBXBuildFile; fileRef = 7ECC03541DB26410003300C9 /* AppDelegate.m */; };
		7ECC03581DB26410003300C9 /* ViewController.m in Sources */ = {isa = PBXBuildFile; fileRef = 7ECC03571DB26410003300C9 /* ViewController.m */; };
		7ECC035B1DB26410003300C9 /* Main.storyboard in Resources */ = {isa = PBXBuildFile; fileRef = 7ECC03591DB26410003300C9 /* Main.storyboard */; };
		7ECC035D1DB26410003300C9 /* Assets.xcassets in Resources */ = {isa = PBXBuildFile; fileRef = 7ECC035C1DB26410003300C9 /* Assets.xcassets */; };
		7ECC03601DB26410003300C9 /* LaunchScreen.storyboard in Resources */ = {isa = PBXBuildFile; fileRef = 7ECC035E1DB26410003300C9 /* LaunchScreen.storyboard */; };
		7ECC036B1DB26410003300C9 /* _7_GCD__________Tests.m in Sources */ = {isa = PBXBuildFile; fileRef = 7ECC036A1DB26410003300C9 /* _7_GCD__________Tests.m */; };
		7ECC03761DB26410003300C9 /* _7_GCD__________UITests.m in Sources */ = {isa = PBXBuildFile; fileRef = 7ECC03751DB26410003300C9 /* _7_GCD__________UITests.m */; };
/* End PBXBuildFile section */

/* Begin PBXContainerItemProxy section */
		7ECC03671DB26410003300C9 /* PBXContainerItemProxy */ = {
			isa = PBXContainerItemProxy;
			containerPortal = 7ECC03451DB26410003300C9 /* Project object */;
			proxyType = 1;
			remoteGlobalIDString = 7ECC034C1DB26410003300C9;
			remoteInfo = "07-GCD实现异步网络图片下载";
		};
		7ECC03721DB26410003300C9 /* PBXContainerItemProxy */ = {
			isa = PBXContainerItemProxy;
			containerPortal = 7ECC03451DB26410003300C9 /* Project object */;
			proxyType = 1;
			remoteGlobalIDString = 7ECC034C1DB26410003300C9;
			remoteInfo = "07-GCD实现异步网络图片下载";
		};
/* End PBXContainerItemProxy section */

/* Begin PBXFileReference section */
		7ECC034D1DB26410003300C9 /* 07-GCD实现异步网络图片下载.app */ = {isa = PBXFileReference; explicitFileType = wrapper.application; includeInIndex = 0; path = "07-GCD实现异步网络图片下载.app"; sourceTree = BUILT_PRODUCTS_DIR; };
		7ECC03511DB26410003300C9 /* main.m */ = {isa = PBXFileReference; lastKnownFileType = sourcecode.c.objc; path = main.m; sourceTree = "<group>"; };
		7ECC03531DB26410003300C9 /* AppDelegate.h */ = {isa = PBXFileReference; lastKnownFileType = sourcecode.c.h; path = AppDelegate.h; sourceTree = "<group>"; };
		7ECC03541DB26410003300C9 /* AppDelegate.m */ = {isa = PBXFileReference; lastKnownFileType = sourcecode.c.objc; path = AppDelegate.m; sourceTree = "<group>"; };
		7ECC03561DB26410003300C9 /* ViewController.h */ = {isa = PBXFileReference; lastKnownFileType = sourcecode.c.h; path = ViewController.h; sourceTree = "<group>"; };
		7ECC03571DB26410003300C9 /* ViewController.m */ = {isa = PBXFileReference; lastKnownFileType = sourcecode.c.objc; path = ViewController.m; sourceTree = "<group>"; };
		7ECC035A1DB26410003300C9 /* Base */ = {isa = PBXFileReference; lastKnownFileType = file.storyboard; name = Base; path = Base.lproj/Main.storyboard; sourceTree = "<group>"; };
		7ECC035C1DB26410003300C9 /* Assets.xcassets */ = {isa = PBXFileReference; lastKnownFileType = folder.assetcatalog; path = Assets.xcassets; sourceTree = "<group>"; };
		7ECC035F1DB26410003300C9 /* Base */ = {isa = PBXFileReference; lastKnownFileType = file.storyboard; name = Base; path = Base.lproj/LaunchScreen.storyboard; sourceTree = "<group>"; };
		7ECC03611DB26410003300C9 /* Info.plist */ = {isa = PBXFileReference; lastKnownFileType = text.plist.xml; path = Info.plist; sourceTree = "<group>"; };
		7ECC03661DB26410003300C9 /* 07-GCD实现异步网络图片下载Tests.xctest */ = {isa = PBXFileReference; explicitFileType = wrapper.cfbundle; includeInIndex = 0; path = "07-GCD实现异步网络图片下载Tests.xctest"; sourceTree = BUILT_PRODUCTS_DIR; };
		7ECC036A1DB26410003300C9 /* _7_GCD__________Tests.m */ = {isa = PBXFileReference; lastKnownFileType = sourcecode.c.objc; path = "_7_GCD__________Tests.m"; sourceTree = "<group>"; };
		7ECC036C1DB26410003300C9 /* Info.plist */ = {isa = PBXFileReference; lastKnownFileType = text.plist.xml; path = Info.plist; sourceTree = "<group>"; };
		7ECC03711DB26410003300C9 /* 07-GCD实现异步网络图片下载UITests.xctest */ = {isa = PBXFileReference; explicitFileType = wrapper.cfbundle; includeInIndex = 0; path = "07-GCD实现异步网络图片下载UITests.xctest"; sourceTree = BUILT_PRODUCTS_DIR; };
		7ECC03751DB26410003300C9 /* _7_GCD__________UITests.m */ = {isa = PBXFileReference; lastKnownFileType = sourcecode.c.objc; path = "_7_GCD__________UITests.m"; sourceTree = "<group>"; };
		7ECC03771DB26410003300C9 /* Info.plist */ = {isa = PBXFileReference; lastKnownFileType = text.plist.xml; path = Info.plist; sourceTree = "<group>"; };
/* End PBXFileReference section */

/* Begin PBXFrameworksBuildPhase section */
		7ECC034A1DB26410003300C9 /* Frameworks */ = {
			isa = PBXFrameworksBuildPhase;
			buildActionMask = 2147483647;
			files = (
			);
			runOnlyForDeploymentPostprocessing = 0;
		};
		7ECC03631DB26410003300C9 /* Frameworks */ = {
			isa = PBXFrameworksBuildPhase;
			buildActionMask = 2147483647;
			files = (
			);
			runOnlyForDeploymentPostprocessing = 0;
		};
		7ECC036E1DB26410003300C9 /* Frameworks */ = {
			isa = PBXFrameworksBuildPhase;
			buildActionMask = 2147483647;
			files = (
			);
			runOnlyForDeploymentPostprocessing = 0;
		};
/* End PBXFrameworksBuildPhase section */

/* Begin PBXGroup section */
		7ECC03441DB26410003300C9 = {
			isa = PBXGroup;
			children = (
				7ECC034F1DB26410003300C9 /* 07-GCD实现异步网络图片下载 */,
				7ECC03691DB26410003300C9 /* 07-GCD实现异步网络图片下载Tests */,
				7ECC03741DB26410003300C9 /* 07-GCD实现异步网络图片下载UITests */,
				7ECC034E1DB26410003300C9 /* Products */,
			);
			sourceTree = "<group>";
		};
		7ECC034E1DB26410003300C9 /* Products */ = {
			isa = PBXGroup;
			children = (
				7ECC034D1DB26410003300C9 /* 07-GCD实现异步网络图片下载.app */,
				7ECC03661DB26410003300C9 /* 07-GCD实现异步网络图片下载Tests.xctest */,
				7ECC03711DB26410003300C9 /* 07-GCD实现异步网络图片下载UITests.xctest */,
			);
			name = Products;
			sourceTree = "<group>";
		};
		7ECC034F1DB26410003300C9 /* 07-GCD实现异步网络图片下载 */ = {
			isa = PBXGroup;
			children = (
				7ECC03531DB26410003300C9 /* AppDelegate.h */,
				7ECC03541DB26410003300C9 /* AppDelegate.m */,
				7ECC03561DB26410003300C9 /* ViewController.h */,
				7ECC03571DB26410003300C9 /* ViewController.m */,
				7ECC03591DB26410003300C9 /* Main.storyboard */,
				7ECC035C1DB26410003300C9 /* Assets.xcassets */,
				7ECC035E1DB26410003300C9 /* LaunchScreen.storyboard */,
				7ECC03611DB26410003300C9 /* Info.plist */,
				7ECC03501DB26410003300C9 /* Supporting Files */,
			);
			path = "07-GCD实现异步网络图片下载";
			sourceTree = "<group>";
		};
		7ECC03501DB26410003300C9 /* Supporting Files */ = {
			isa = PBXGroup;
			children = (
				7ECC03511DB26410003300C9 /* main.m */,
			);
			name = "Supporting Files";
			sourceTree = "<group>";
		};
		7ECC03691DB26410003300C9 /* 07-GCD实现异步网络图片下载Tests */ = {
			isa = PBXGroup;
			children = (
				7ECC036A1DB26410003300C9 /* _7_GCD__________Tests.m */,
				7ECC036C1DB26410003300C9 /* Info.plist */,
			);
			path = "07-GCD实现异步网络图片下载Tests";
			sourceTree = "<group>";
		};
		7ECC03741DB26410003300C9 /* 07-GCD实现异步网络图片下载UITests */ = {
			isa = PBXGroup;
			children = (
				7ECC03751DB26410003300C9 /* _7_GCD__________UITests.m */,
				7ECC03771DB26410003300C9 /* Info.plist */,
			);
			path = "07-GCD实现异步网络图片下载UITests";
			sourceTree = "<group>";
		};
/* End PBXGroup section */

/* Begin PBXNativeTarget section */
		7ECC034C1DB26410003300C9 /* 07-GCD实现异步网络图片下载 */ = {
			isa = PBXNativeTarget;
			buildConfigurationList = 7ECC037A1DB26410003300C9 /* Build configuration list for PBXNativeTarget "07-GCD实现异步网络图片下载" */;
			buildPhases = (
				7ECC03491DB26410003300C9 /* Sources */,
				7ECC034A1DB26410003300C9 /* Frameworks */,
				7ECC034B1DB26410003300C9 /* Resources */,
			);
			buildRules = (
			);
			dependencies = (
			);
			name = "07-GCD实现异步网络图片下载";
			productName = "07-GCD实现异步网络图片下载";
			productReference = 7ECC034D1DB26410003300C9 /* 07-GCD实现异步网络图片下载.app */;
			productType = "com.apple.product-type.application";
		};
		7ECC03651DB26410003300C9 /* 07-GCD实现异步网络图片下载Tests */ = {
			isa = PBXNativeTarget;
			buildConfigurationList = 7ECC037D1DB26410003300C9 /* Build configuration list for PBXNativeTarget "07-GCD实现异步网络图片下载Tests" */;
			buildPhases = (
				7ECC03621DB26410003300C9 /* Sources */,
				7ECC03631DB26410003300C9 /* Frameworks */,
				7ECC03641DB26410003300C9 /* Resources */,
			);
			buildRules = (
			);
			dependencies = (
				7ECC03681DB26410003300C9 /* PBXTargetDependency */,
			);
			name = "07-GCD实现异步网络图片下载Tests";
			productName = "07-GCD实现异步网络图片下载Tests";
			productReference = 7ECC03661DB26410003300C9 /* 07-GCD实现异步网络图片下载Tests.xctest */;
			productType = "com.apple.product-type.bundle.unit-test";
		};
		7ECC03701DB26410003300C9 /* 07-GCD实现异步网络图片下载UITests */ = {
			isa = PBXNativeTarget;
			buildConfigurationList = 7ECC03801DB26410003300C9 /* Build configuration list for PBXNativeTarget "07-GCD实现异步网络图片下载UITests" */;
			buildPhases = (
				7ECC036D1DB26410003300C9 /* Sources */,
				7ECC036E1DB26410003300C9 /* Frameworks */,
				7ECC036F1DB26410003300C9 /* Resources */,
			);
			buildRules = (
			);
			dependencies = (
				7ECC03731DB26410003300C9 /* PBXTargetDependency */,
			);
			name = "07-GCD实现异步网络图片下载UITests";
			productName = "07-GCD实现异步网络图片下载UITests";
			productReference = 7ECC03711DB26410003300C9 /* 07-GCD实现异步网络图片下载UITests.xctest */;
			productType = "com.apple.product-type.bundle.ui-testing";
		};
/* End PBXNativeTarget section */

/* Begin PBXProject section */
		7ECC03451DB26410003300C9 /* Project object */ = {
			isa = PBXProject;
			attributes = {
				LastUpgradeCheck = 0800;
				ORGANIZATIONNAME = SDD;
				TargetAttributes = {
					7ECC034C1DB26410003300C9 = {
						CreatedOnToolsVersion = 8.0;
						ProvisioningStyle = Automatic;
					};
					7ECC03651DB26410003300C9 = {
						CreatedOnToolsVersion = 8.0;
						ProvisioningStyle = Automatic;
						TestTargetID = 7ECC034C1DB26410003300C9;
					};
					7ECC03701DB26410003300C9 = {
						CreatedOnToolsVersion = 8.0;
						ProvisioningStyle = Automatic;
						TestTargetID = 7ECC034C1DB26410003300C9;
					};
				};
			};
			buildConfigurationList = 7ECC03481DB26410003300C9 /* Build configuration list for PBXProject "07-GCD实现异步网络图片下载" */;
			compatibilityVersion = "Xcode 3.2";
			developmentRegion = English;
			hasScannedForEncodings = 0;
			knownRegions = (
				en,
				Base,
			);
			mainGroup = 7ECC03441DB26410003300C9;
			productRefGroup = 7ECC034E1DB26410003300C9 /* Products */;
			projectDirPath = "";
			projectRoot = "";
			targets = (
				7ECC034C1DB26410003300C9 /* 07-GCD实现异步网络图片下载 */,
				7ECC03651DB26410003300C9 /* 07-GCD实现异步网络图片下载Tests */,
				7ECC03701DB26410003300C9 /* 07-GCD实现异步网络图片下载UITests */,
			);
		};
/* End PBXProject section */

/* Begin PBXResourcesBuildPhase section */
		7ECC034B1DB26410003300C9 /* Resources */ = {
			isa = PBXResourcesBuildPhase;
			buildActionMask = 2147483647;
			files = (
				7ECC03601DB26410003300C9 /* LaunchScreen.storyboard in Resources */,
				7ECC035D1DB26410003300C9 /* Assets.xcassets in Resources */,
				7ECC035B1DB26410003300C9 /* Main.storyboard in Resources */,
			);
			runOnlyForDeploymentPostprocessing = 0;
		};
		7ECC03641DB26410003300C9 /* Resources */ = {
			isa = PBXResourcesBuildPhase;
			buildActionMask = 2147483647;
			files = (
			);
			runOnlyForDeploymentPostprocessing = 0;
		};
		7ECC036F1DB26410003300C9 /* Resources */ = {
			isa = PBXResourcesBuildPhase;
			buildActionMask = 2147483647;
			files = (
			);
			runOnlyForDeploymentPostprocessing = 0;
		};
/* End PBXResourcesBuildPhase section */

/* Begin PBXSourcesBuildPhase section */
		7ECC03491DB26410003300C9 /* Sources */ = {
			isa = PBXSourcesBuildPhase;
			buildActionMask = 2147483647;
			files = (
				7ECC03581DB26410003300C9 /* ViewController.m in Sources */,
				7ECC03551DB26410003300C9 /* AppDelegate.m in Sources */,
				7ECC03521DB26410003300C9 /* main.m in Sources */,
			);
			runOnlyForDeploymentPostprocessing = 0;
		};
		7ECC03621DB26410003300C9 /* Sources */ = {
			isa = PBXSourcesBuildPhase;
			buildActionMask = 2147483647;
			files = (
				7ECC036B1DB26410003300C9 /* _7_GCD__________Tests.m in Sources */,
			);
			runOnlyForDeploymentPostprocessing = 0;
		};
		7ECC036D1DB26410003300C9 /* Sources */ = {
			isa = PBXSourcesBuildPhase;
			buildActionMask = 2147483647;
			files = (
				7ECC03761DB26410003300C9 /* _7_GCD__________UITests.m in Sources */,
			);
			runOnlyForDeploymentPostprocessing = 0;
		};
/* End PBXSourcesBuildPhase section */

/* Begin PBXTargetDependency section */
		7ECC03681DB26410003300C9 /* PBXTargetDependency */ = {
			isa = PBXTargetDependency;
			target = 7ECC034C1DB26410003300C9 /* 07-GCD实现异步网络图片下载 */;
			targetProxy = 7ECC03671DB26410003300C9 /* PBXContainerItemProxy */;
		};
		7ECC03731DB26410003300C9 /* PBXTargetDependency */ = {
			isa = PBXTargetDependency;
			target = 7ECC034C1DB26410003300C9 /* 07-GCD实现异步网络图片下载 */;
			targetProxy = 7ECC03721DB26410003300C9 /* PBXContainerItemProxy */;
		};
/* End PBXTargetDependency section */

/* Begin PBXVariantGroup section */
		7ECC03591DB26410003300C9 /* Main.storyboard */ = {
			isa = PBXVariantGroup;
			children = (
				7ECC035A1DB26410003300C9 /* Base */,
			);
			name = Main.storyboard;
			sourceTree = "<group>";
		};
		7ECC035E1DB26410003300C9 /* LaunchScreen.storyboard */ = {
			isa = PBXVariantGroup;
			children = (
				7ECC035F1DB26410003300C9 /* Base */,
			);
			name = LaunchScreen.storyboard;
			sourceTree = "<group>";
		};
/* End PBXVariantGroup section */

/* Begin XCBuildConfiguration section */
		7ECC03781DB26410003300C9 /* Debug */ = {
			isa = XCBuildConfiguration;
			buildSettings = {
				ALWAYS_SEARCH_USER_PATHS = NO;
				CLANG_ANALYZER_NONNULL = YES;
				CLANG_CXX_LANGUAGE_STANDARD = "gnu++0x";
				CLANG_CXX_LIBRARY = "libc++";
				CLANG_ENABLE_MODULES = YES;
				CLANG_ENABLE_OBJC_ARC = YES;
				CLANG_WARN_BOOL_CONVERSION = YES;
				CLANG_WARN_CONSTANT_CONVERSION = YES;
				CLANG_WARN_DIRECT_OBJC_ISA_USAGE = YES_ERROR;
				CLANG_WARN_DOCUMENTATION_COMMENTS = YES;
				CLANG_WARN_EMPTY_BODY = YES;
				CLANG_WARN_ENUM_CONVERSION = YES;
				CLANG_WARN_INFINITE_RECURSION = YES;
				CLANG_WARN_INT_CONVERSION = YES;
				CLANG_WARN_OBJC_ROOT_CLASS = YES_ERROR;
				CLANG_WARN_SUSPICIOUS_MOVES = YES;
				CLANG_WARN_UNREACHABLE_CODE = YES;
				CLANG_WARN__DUPLICATE_METHOD_MATCH = YES;
				"CODE_SIGN_IDENTITY[sdk=iphoneos*]" = "iPhone Developer";
				COPY_PHASE_STRIP = NO;
				DEBUG_INFORMATION_FORMAT = dwarf;
				ENABLE_STRICT_OBJC_MSGSEND = YES;
				ENABLE_TESTABILITY = YES;
				GCC_C_LANGUAGE_STANDARD = gnu99;
				GCC_DYNAMIC_NO_PIC = NO;
				GCC_NO_COMMON_BLOCKS = YES;
				GCC_OPTIMIZATION_LEVEL = 0;
				GCC_PREPROCESSOR_DEFINITIONS = (
					"DEBUG=1",
					"$(inherited)",
				);
				GCC_WARN_64_TO_32_BIT_CONVERSION = YES;
				GCC_WARN_ABOUT_RETURN_TYPE = YES_ERROR;
				GCC_WARN_UNDECLARED_SELECTOR = YES;
				GCC_WARN_UNINITIALIZED_AUTOS = YES_AGGRESSIVE;
				GCC_WARN_UNUSED_FUNCTION = YES;
				GCC_WARN_UNUSED_VARIABLE = YES;
				IPHONEOS_DEPLOYMENT_TARGET = 10.0;
				MTL_ENABLE_DEBUG_INFO = YES;
				ONLY_ACTIVE_ARCH = YES;
				SDKROOT = iphoneos;
			};
			name = Debug;
		};
		7ECC03791DB26410003300C9 /* Release */ = {
			isa = XCBuildConfiguration;
			buildSettings = {
				ALWAYS_SEARCH_USER_PATHS = NO;
				CLANG_ANALYZER_NONNULL = YES;
				CLANG_CXX_LANGUAGE_STANDARD = "gnu++0x";
				CLANG_CXX_LIBRARY = "libc++";
				CLANG_ENABLE_MODULES = YES;
				CLANG_ENABLE_OBJC_ARC = YES;
				CLANG_WARN_BOOL_CONVERSION = YES;
				CLANG_WARN_CONSTANT_CONVERSION = YES;
				CLANG_WARN_DIRECT_OBJC_ISA_USAGE = YES_ERROR;
				CLANG_WARN_DOCUMENTATION_COMMENTS = YES;
				CLANG_WARN_EMPTY_BODY = YES;
				CLANG_WARN_ENUM_CONVERSION = YES;
				CLANG_WARN_INFINITE_RECURSION = YES;
				CLANG_WARN_INT_CONVERSION = YES;
				CLANG_WARN_OBJC_ROOT_CLASS = YES_ERROR;
				CLANG_WARN_SUSPICIOUS_MOVES = YES;
				CLANG_WARN_UNREACHABLE_CODE = YES;
				CLANG_WARN__DUPLICATE_METHOD_MATCH = YES;
				"CODE_SIGN_IDENTITY[sdk=iphoneos*]" = "iPhone Developer";
				COPY_PHASE_STRIP = NO;
				DEBUG_INFORMATION_FORMAT = "dwarf-with-dsym";
				ENABLE_NS_ASSERTIONS = NO;
				ENABLE_STRICT_OBJC_MSGSEND = YES;
				GCC_C_LANGUAGE_STANDARD = gnu99;
				GCC_NO_COMMON_BLOCKS = YES;
				GCC_WARN_64_TO_32_BIT_CONVERSION = YES;
				GCC_WARN_ABOUT_RETURN_TYPE = YES_ERROR;
				GCC_WARN_UNDECLARED_SELECTOR = YES;
				GCC_WARN_UNINITIALIZED_AUTOS = YES_AGGRESSIVE;
				GCC_WARN_UNUSED_FUNCTION = YES;
				GCC_WARN_UNUSED_VARIABLE = YES;
				IPHONEOS_DEPLOYMENT_TARGET = 10.0;
				MTL_ENABLE_DEBUG_INFO = NO;
				SDKROOT = iphoneos;
				VALIDATE_PRODUCT = YES;
			};
			name = Release;
		};
		7ECC037B1DB26410003300C9 /* Debug */ = {
			isa = XCBuildConfiguration;
			buildSettings = {
				ASSETCATALOG_COMPILER_APPICON_NAME = AppIcon;
				INFOPLIST_FILE = "07-GCD实现异步网络图片下载/Info.plist";
				LD_RUNPATH_SEARCH_PATHS = "$(inherited) @executable_path/Frameworks";
				PRODUCT_BUNDLE_IDENTIFIER = "cn.sdd.-7-GCD----------";
				PRODUCT_NAME = "$(TARGET_NAME)";
			};
			name = Debug;
		};
		7ECC037C1DB26410003300C9 /* Release */ = {
			isa = XCBuildConfiguration;
			buildSettings = {
				ASSETCATALOG_COMPILER_APPICON_NAME = AppIcon;
				INFOPLIST_FILE = "07-GCD实现异步网络图片下载/Info.plist";
				LD_RUNPATH_SEARCH_PATHS = "$(inherited) @executable_path/Frameworks";
				PRODUCT_BUNDLE_IDENTIFIER = "cn.sdd.-7-GCD----------";
				PRODUCT_NAME = "$(TARGET_NAME)";
			};
			name = Release;
		};
		7ECC037E1DB26410003300C9 /* Debug */ = {
			isa = XCBuildConfiguration;
			buildSettings = {
				BUNDLE_LOADER = "$(TEST_HOST)";
				INFOPLIST_FILE = "07-GCD实现异步网络图片下载Tests/Info.plist";
				LD_RUNPATH_SEARCH_PATHS = "$(inherited) @executable_path/Frameworks @loader_path/Frameworks";
				PRODUCT_BUNDLE_IDENTIFIER = "cn.sdd.-7-GCD----------Tests";
				PRODUCT_NAME = "$(TARGET_NAME)";
				TEST_HOST = "$(BUILT_PRODUCTS_DIR)/07-GCD实现异步网络图片下载.app/07-GCD实现异步网络图片下载";
			};
			name = Debug;
		};
		7ECC037F1DB26410003300C9 /* Release */ = {
			isa = XCBuildConfiguration;
			buildSettings = {
				BUNDLE_LOADER = "$(TEST_HOST)";
				INFOPLIST_FILE = "07-GCD实现异步网络图片下载Tests/Info.plist";
				LD_RUNPATH_SEARCH_PATHS = "$(inherited) @executable_path/Frameworks @loader_path/Frameworks";
				PRODUCT_BUNDLE_IDENTIFIER = "cn.sdd.-7-GCD----------Tests";
				PRODUCT_NAME = "$(TARGET_NAME)";
				TEST_HOST = "$(BUILT_PRODUCTS_DIR)/07-GCD实现异步网络图片下载.app/07-GCD实现异步网络图片下载";
			};
			name = Release;
		};
		7ECC03811DB26410003300C9 /* Debug */ = {
			isa = XCBuildConfiguration;
			buildSettings = {
				INFOPLIST_FILE = "07-GCD实现异步网络图片下载UITests/Info.plist";
				LD_RUNPATH_SEARCH_PATHS = "$(inherited) @executable_path/Frameworks @loader_path/Frameworks";
				PRODUCT_BUNDLE_IDENTIFIER = "cn.sdd.-7-GCD----------UITests";
				PRODUCT_NAME = "$(TARGET_NAME)";
				TEST_TARGET_NAME = "07-GCD实现异步网络图片下载";
			};
			name = Debug;
		};
		7ECC03821DB26410003300C9 /* Release */ = {
			isa = XCBuildConfiguration;
			buildSettings = {
				INFOPLIST_FILE = "07-GCD实现异步网络图片下载UITests/Info.plist";
				LD_RUNPATH_SEARCH_PATHS = "$(inherited) @executable_path/Frameworks @loader_path/Frameworks";
				PRODUCT_BUNDLE_IDENTIFIER = "cn.sdd.-7-GCD----------UITests";
				PRODUCT_NAME = "$(TARGET_NAME)";
				TEST_TARGET_NAME = "07-GCD实现异步网络图片下载";
			};
			name = Release;
		};
/* End XCBuildConfiguration section */

/* Begin XCConfigurationList section */
		7ECC03481DB26410003300C9 /* Build configuration list for PBXProject "07-GCD实现异步网络图片下载" */ = {
			isa = XCConfigurationList;
			buildConfigurations = (
				7ECC03781DB26410003300C9 /* Debug */,
				7ECC03791DB26410003300C9 /* Release */,
			);
			defaultConfigurationIsVisible = 0;
			defaultConfigurationName = Release;
		};
		7ECC037A1DB26410003300C9 /* Build configuration list for PBXNativeTarget "07-GCD实现异步网络图片下载" */ = {
			isa = XCConfigurationList;
			buildConfigurations = (
				7ECC037B1DB26410003300C9 /* Debug */,
				7ECC037C1DB26410003300C9 /* Release */,
			);
			defaultConfigurationIsVisible = 0;
		};
		7ECC037D1DB26410003300C9 /* Build configuration list for PBXNativeTarget "07-GCD实现异步网络图片下载Tests" */ = {
			isa = XCConfigurationList;
			buildConfigurations = (
				7ECC037E1DB26410003300C9 /* Debug */,
				7ECC037F1DB26410003300C9 /* Release */,
			);
			defaultConfigurationIsVisible = 0;
		};
		7ECC03801DB26410003300C9 /* Build configuration list for PBXNativeTarget "07-GCD实现异步网络图片下载UITests" */ = {
			isa = XCConfigurationList;
			buildConfigurations = (
				7ECC03811DB26410003300C9 /* Debug */,
				7ECC03821DB26410003300C9 /* Release */,
			);
			defaultConfigurationIsVisible = 0;
		};
/* End XCConfigurationList section */
	};
	rootObject = 7ECC03451DB26410003300C9 /* Project object */;
}
