// !$*UTF8*$!
{
	archiveVersion = 1;
	classes = {
	};
	objectVersion = 46;
	objects = {

/* Begin PBXBuildFile section */
		7E14C7A41DD1893C00F13FC8 /* main.m in Sources */ = {isa = PBXBuildFile; fileRef = 7E14C7A31DD1893C00F13FC8 /* main.m */; };
		7E14C7A71DD1893C00F13FC8 /* AppDelegate.m in Sources */ = {isa = PBXBuildFile; fileRef = 7E14C7A61DD1893C00F13FC8 /* AppDelegate.m */; };
		7E14C7AA1DD1893C00F13FC8 /* ViewController.m in Sources */ = {isa = PBXBuildFile; fileRef = 7E14C7A91DD1893C00F13FC8 /* ViewController.m */; };
		7E14C7AD1DD1893C00F13FC8 /* Main.storyboard in Resources */ = {isa = PBXBuildFile; fileRef = 7E14C7AB1DD1893C00F13FC8 /* Main.storyboard */; };
		7E14C7AF1DD1893C00F13FC8 /* Assets.xcassets in Resources */ = {isa = PBXBuildFile; fileRef = 7E14C7AE1DD1893C00F13FC8 /* Assets.xcassets */; };
		7E14C7B21DD1893C00F13FC8 /* LaunchScreen.storyboard in Resources */ = {isa = PBXBuildFile; fileRef = 7E14C7B01DD1893C00F13FC8 /* LaunchScreen.storyboard */; };
		7E14C7BD1DD1893C00F13FC8 /* _8____OperationTests.m in Sources */ = {isa = PBXBuildFile; fileRef = 7E14C7BC1DD1893C00F13FC8 /* _8____OperationTests.m */; };
		7E14C7C81DD1893C00F13FC8 /* _8____OperationUITests.m in Sources */ = {isa = PBXBuildFile; fileRef = 7E14C7C71DD1893C00F13FC8 /* _8____OperationUITests.m */; };
		7E14C7D71DD1896800F13FC8 /* DownloaderOperation.m in Sources */ = {isa = PBXBuildFile; fileRef = 7E14C7D61DD1896800F13FC8 /* DownloaderOperation.m */; };
		7E29C4501DD3011F0036DFE9 /* NSString+Sandbox.m in Sources */ = {isa = PBXBuildFile; fileRef = 7E29C44F1DD3011F0036DFE9 /* NSString+Sandbox.m */; };
		7E29C4531DD303990036DFE9 /* DownloaderOperationManager.m in Sources */ = {isa = PBXBuildFile; fileRef = 7E29C4521DD303990036DFE9 /* DownloaderOperationManager.m */; };
		7E29C4561DD30FAE0036DFE9 /* AppInfo.m in Sources */ = {isa = PBXBuildFile; fileRef = 7E29C4551DD30FAE0036DFE9 /* AppInfo.m */; };
		7E29C4581DD30FCB0036DFE9 /* apps.plist in Resources */ = {isa = PBXBuildFile; fileRef = 7E29C4571DD30FCB0036DFE9 /* apps.plist */; };
/* End PBXBuildFile section */

/* Begin PBXContainerItemProxy section */
		7E14C7B91DD1893C00F13FC8 /* PBXContainerItemProxy */ = {
			isa = PBXContainerItemProxy;
			containerPortal = 7E14C7971DD1893B00F13FC8 /* Project object */;
			proxyType = 1;
			remoteGlobalIDString = 7E14C79E1DD1893B00F13FC8;
			remoteInfo = "18-自定义Operation";
		};
		7E14C7C41DD1893C00F13FC8 /* PBXContainerItemProxy */ = {
			isa = PBXContainerItemProxy;
			containerPortal = 7E14C7971DD1893B00F13FC8 /* Project object */;
			proxyType = 1;
			remoteGlobalIDString = 7E14C79E1DD1893B00F13FC8;
			remoteInfo = "18-自定义Operation";
		};
/* End PBXContainerItemProxy section */

/* Begin PBXFileReference section */
		7E14C79F1DD1893C00F13FC8 /* 18-自定义Operation.app */ = {isa = PBXFileReference; explicitFileType = wrapper.application; includeInIndex = 0; path = "18-自定义Operation.app"; sourceTree = BUILT_PRODUCTS_DIR; };
		7E14C7A31DD1893C00F13FC8 /* main.m */ = {isa = PBXFileReference; lastKnownFileType = sourcecode.c.objc; path = main.m; sourceTree = "<group>"; };
		7E14C7A51DD1893C00F13FC8 /* AppDelegate.h */ = {isa = PBXFileReference; lastKnownFileType = sourcecode.c.h; path = AppDelegate.h; sourceTree = "<group>"; };
		7E14C7A61DD1893C00F13FC8 /* AppDelegate.m */ = {isa = PBXFileReference; lastKnownFileType = sourcecode.c.objc; path = AppDelegate.m; sourceTree = "<group>"; };
		7E14C7A81DD1893C00F13FC8 /* ViewController.h */ = {isa = PBXFileReference; lastKnownFileType = sourcecode.c.h; path = ViewController.h; sourceTree = "<group>"; };
		7E14C7A91DD1893C00F13FC8 /* ViewController.m */ = {isa = PBXFileReference; lastKnownFileType = sourcecode.c.objc; path = ViewController.m; sourceTree = "<group>"; };
		7E14C7AC1DD1893C00F13FC8 /* Base */ = {isa = PBXFileReference; lastKnownFileType = file.storyboard; name = Base; path = Base.lproj/Main.storyboard; sourceTree = "<group>"; };
		7E14C7AE1DD1893C00F13FC8 /* Assets.xcassets */ = {isa = PBXFileReference; lastKnownFileType = folder.assetcatalog; path = Assets.xcassets; sourceTree = "<group>"; };
		7E14C7B11DD1893C00F13FC8 /* Base */ = {isa = PBXFileReference; lastKnownFileType = file.storyboard; name = Base; path = Base.lproj/LaunchScreen.storyboard; sourceTree = "<group>"; };
		7E14C7B31DD1893C00F13FC8 /* Info.plist */ = {isa = PBXFileReference; lastKnownFileType = text.plist.xml; path = Info.plist; sourceTree = "<group>"; };
		7E14C7B81DD1893C00F13FC8 /* 18-自定义OperationTests.xctest */ = {isa = PBXFileReference; explicitFileType = wrapper.cfbundle; includeInIndex = 0; path = "18-自定义OperationTests.xctest"; sourceTree = BUILT_PRODUCTS_DIR; };
		7E14C7BC1DD1893C00F13FC8 /* _8____OperationTests.m */ = {isa = PBXFileReference; lastKnownFileType = sourcecode.c.objc; path = "_8____OperationTests.m"; sourceTree = "<group>"; };
		7E14C7BE1DD1893C00F13FC8 /* Info.plist */ = {isa = PBXFileReference; lastKnownFileType = text.plist.xml; path = Info.plist; sourceTree = "<group>"; };
		7E14C7C31DD1893C00F13FC8 /* 18-自定义OperationUITests.xctest */ = {isa = PBXFileReference; explicitFileType = wrapper.cfbundle; includeInIndex = 0; path = "18-自定义OperationUITests.xctest"; sourceTree = BUILT_PRODUCTS_DIR; };
		7E14C7C71DD1893C00F13FC8 /* _8____OperationUITests.m */ = {isa = PBXFileReference; lastKnownFileType = sourcecode.c.objc; path = "_8____OperationUITests.m"; sourceTree = "<group>"; };
		7E14C7C91DD1893C00F13FC8 /* Info.plist */ = {isa = PBXFileReference; lastKnownFileType = text.plist.xml; path = Info.plist; sourceTree = "<group>"; };
		7E14C7D51DD1896800F13FC8 /* DownloaderOperation.h */ = {isa = PBXFileReference; fileEncoding = 4; lastKnownFileType = sourcecode.c.h; path = DownloaderOperation.h; sourceTree = "<group>"; };
		7E14C7D61DD1896800F13FC8 /* DownloaderOperation.m */ = {isa = PBXFileReference; fileEncoding = 4; lastKnownFileType = sourcecode.c.objc; path = DownloaderOperation.m; sourceTree = "<group>"; };
		7E29C44E1DD3011F0036DFE9 /* NSString+Sandbox.h */ = {isa = PBXFileReference; fileEncoding = 4; lastKnownFileType = sourcecode.c.h; path = "NSString+Sandbox.h"; sourceTree = "<group>"; };
		7E29C44F1DD3011F0036DFE9 /* NSString+Sandbox.m */ = {isa = PBXFileReference; fileEncoding = 4; lastKnownFileType = sourcecode.c.objc; path = "NSString+Sandbox.m"; sourceTree = "<group>"; };
		7E29C4511DD303990036DFE9 /* DownloaderOperationManager.h */ = {isa = PBXFileReference; fileEncoding = 4; lastKnownFileType = sourcecode.c.h; path = DownloaderOperationManager.h; sourceTree = "<group>"; };
		7E29C4521DD303990036DFE9 /* DownloaderOperationManager.m */ = {isa = PBXFileReference; fileEncoding = 4; lastKnownFileType = sourcecode.c.objc; path = DownloaderOperationManager.m; sourceTree = "<group>"; };
		7E29C4541DD30FAE0036DFE9 /* AppInfo.h */ = {isa = PBXFileReference; fileEncoding = 4; lastKnownFileType = sourcecode.c.h; path = AppInfo.h; sourceTree = "<group>"; };
		7E29C4551DD30FAE0036DFE9 /* AppInfo.m */ = {isa = PBXFileReference; fileEncoding = 4; lastKnownFileType = sourcecode.c.objc; path = AppInfo.m; sourceTree = "<group>"; };
		7E29C4571DD30FCB0036DFE9 /* apps.plist */ = {isa = PBXFileReference; fileEncoding = 4; lastKnownFileType = text.plist.xml; path = apps.plist; sourceTree = "<group>"; };
/* End PBXFileReference section */

/* Begin PBXFrameworksBuildPhase section */
		7E14C79C1DD1893B00F13FC8 /* Frameworks */ = {
			isa = PBXFrameworksBuildPhase;
			buildActionMask = 2147483647;
			files = (
			);
			runOnlyForDeploymentPostprocessing = 0;
		};
		7E14C7B51DD1893C00F13FC8 /* Frameworks */ = {
			isa = PBXFrameworksBuildPhase;
			buildActionMask = 2147483647;
			files = (
			);
			runOnlyForDeploymentPostprocessing = 0;
		};
		7E14C7C01DD1893C00F13FC8 /* Frameworks */ = {
			isa = PBXFrameworksBuildPhase;
			buildActionMask = 2147483647;
			files = (
			);
			runOnlyForDeploymentPostprocessing = 0;
		};
/* End PBXFrameworksBuildPhase section */

/* Begin PBXGroup section */
		7E14C7961DD1893B00F13FC8 = {
			isa = PBXGroup;
			children = (
				7E14C7A11DD1893C00F13FC8 /* 18-自定义Operation */,
				7E14C7BB1DD1893C00F13FC8 /* 18-自定义OperationTests */,
				7E14C7C61DD1893C00F13FC8 /* 18-自定义OperationUITests */,
				7E14C7A01DD1893C00F13FC8 /* Products */,
			);
			sourceTree = "<group>";
		};
		7E14C7A01DD1893C00F13FC8 /* Products */ = {
			isa = PBXGroup;
			children = (
				7E14C79F1DD1893C00F13FC8 /* 18-自定义Operation.app */,
				7E14C7B81DD1893C00F13FC8 /* 18-自定义OperationTests.xctest */,
				7E14C7C31DD1893C00F13FC8 /* 18-自定义OperationUITests.xctest */,
			);
			name = Products;
			sourceTree = "<group>";
		};
		7E14C7A11DD1893C00F13FC8 /* 18-自定义Operation */ = {
			isa = PBXGroup;
			children = (
				7E14C7A51DD1893C00F13FC8 /* AppDelegate.h */,
				7E14C7A61DD1893C00F13FC8 /* AppDelegate.m */,
				7E14C7A81DD1893C00F13FC8 /* ViewController.h */,
				7E14C7A91DD1893C00F13FC8 /* ViewController.m */,
				7E29C4541DD30FAE0036DFE9 /* AppInfo.h */,
				7E29C4551DD30FAE0036DFE9 /* AppInfo.m */,
				7E14C7AB1DD1893C00F13FC8 /* Main.storyboard */,
				7E14C7AE1DD1893C00F13FC8 /* Assets.xcassets */,
				7E14C7B01DD1893C00F13FC8 /* LaunchScreen.storyboard */,
				7E14C7B31DD1893C00F13FC8 /* Info.plist */,
				7E14C7A21DD1893C00F13FC8 /* Supporting Files */,
				7E14C7D51DD1896800F13FC8 /* DownloaderOperation.h */,
				7E14C7D61DD1896800F13FC8 /* DownloaderOperation.m */,
				7E29C44E1DD3011F0036DFE9 /* NSString+Sandbox.h */,
				7E29C44F1DD3011F0036DFE9 /* NSString+Sandbox.m */,
				7E29C4511DD303990036DFE9 /* DownloaderOperationManager.h */,
				7E29C4521DD303990036DFE9 /* DownloaderOperationManager.m */,
			);
			path = "18-自定义Operation";
			sourceTree = "<group>";
		};
		7E14C7A21DD1893C00F13FC8 /* Supporting Files */ = {
			isa = PBXGroup;
			children = (
				7E29C4571DD30FCB0036DFE9 /* apps.plist */,
				7E14C7A31DD1893C00F13FC8 /* main.m */,
			);
			name = "Supporting Files";
			sourceTree = "<group>";
		};
		7E14C7BB1DD1893C00F13FC8 /* 18-自定义OperationTests */ = {
			isa = PBXGroup;
			children = (
				7E14C7BC1DD1893C00F13FC8 /* _8____OperationTests.m */,
				7E14C7BE1DD1893C00F13FC8 /* Info.plist */,
			);
			path = "18-自定义OperationTests";
			sourceTree = "<group>";
		};
		7E14C7C61DD1893C00F13FC8 /* 18-自定义OperationUITests */ = {
			isa = PBXGroup;
			children = (
				7E14C7C71DD1893C00F13FC8 /* _8____OperationUITests.m */,
				7E14C7C91DD1893C00F13FC8 /* Info.plist */,
			);
			path = "18-自定义OperationUITests";
			sourceTree = "<group>";
		};
/* End PBXGroup section */

/* Begin PBXNativeTarget section */
		7E14C79E1DD1893B00F13FC8 /* 18-自定义Operation */ = {
			isa = PBXNativeTarget;
			buildConfigurationList = 7E14C7CC1DD1893C00F13FC8 /* Build configuration list for PBXNativeTarget "18-自定义Operation" */;
			buildPhases = (
				7E14C79B1DD1893B00F13FC8 /* Sources */,
				7E14C79C1DD1893B00F13FC8 /* Frameworks */,
				7E14C79D1DD1893B00F13FC8 /* Resources */,
			);
			buildRules = (
			);
			dependencies = (
			);
			name = "18-自定义Operation";
			productName = "18-自定义Operation";
			productReference = 7E14C79F1DD1893C00F13FC8 /* 18-自定义Operation.app */;
			productType = "com.apple.product-type.application";
		};
		7E14C7B71DD1893C00F13FC8 /* 18-自定义OperationTests */ = {
			isa = PBXNativeTarget;
			buildConfigurationList = 7E14C7CF1DD1893C00F13FC8 /* Build configuration list for PBXNativeTarget "18-自定义OperationTests" */;
			buildPhases = (
				7E14C7B41DD1893C00F13FC8 /* Sources */,
				7E14C7B51DD1893C00F13FC8 /* Frameworks */,
				7E14C7B61DD1893C00F13FC8 /* Resources */,
			);
			buildRules = (
			);
			dependencies = (
				7E14C7BA1DD1893C00F13FC8 /* PBXTargetDependency */,
			);
			name = "18-自定义OperationTests";
			productName = "18-自定义OperationTests";
			productReference = 7E14C7B81DD1893C00F13FC8 /* 18-自定义OperationTests.xctest */;
			productType = "com.apple.product-type.bundle.unit-test";
		};
		7E14C7C21DD1893C00F13FC8 /* 18-自定义OperationUITests */ = {
			isa = PBXNativeTarget;
			buildConfigurationList = 7E14C7D21DD1893C00F13FC8 /* Build configuration list for PBXNativeTarget "18-自定义OperationUITests" */;
			buildPhases = (
				7E14C7BF1DD1893C00F13FC8 /* Sources */,
				7E14C7C01DD1893C00F13FC8 /* Frameworks */,
				7E14C7C11DD1893C00F13FC8 /* Resources */,
			);
			buildRules = (
			);
			dependencies = (
				7E14C7C51DD1893C00F13FC8 /* PBXTargetDependency */,
			);
			name = "18-自定义OperationUITests";
			productName = "18-自定义OperationUITests";
			productReference = 7E14C7C31DD1893C00F13FC8 /* 18-自定义OperationUITests.xctest */;
			productType = "com.apple.product-type.bundle.ui-testing";
		};
/* End PBXNativeTarget section */

/* Begin PBXProject section */
		7E14C7971DD1893B00F13FC8 /* Project object */ = {
			isa = PBXProject;
			attributes = {
				LastUpgradeCheck = 0800;
				ORGANIZATIONNAME = SDD;
				TargetAttributes = {
					7E14C79E1DD1893B00F13FC8 = {
						CreatedOnToolsVersion = 8.0;
						ProvisioningStyle = Automatic;
					};
					7E14C7B71DD1893C00F13FC8 = {
						CreatedOnToolsVersion = 8.0;
						ProvisioningStyle = Automatic;
						TestTargetID = 7E14C79E1DD1893B00F13FC8;
					};
					7E14C7C21DD1893C00F13FC8 = {
						CreatedOnToolsVersion = 8.0;
						ProvisioningStyle = Automatic;
						TestTargetID = 7E14C79E1DD1893B00F13FC8;
					};
				};
			};
			buildConfigurationList = 7E14C79A1DD1893B00F13FC8 /* Build configuration list for PBXProject "18-自定义Operation" */;
			compatibilityVersion = "Xcode 3.2";
			developmentRegion = English;
			hasScannedForEncodings = 0;
			knownRegions = (
				en,
				Base,
			);
			mainGroup = 7E14C7961DD1893B00F13FC8;
			productRefGroup = 7E14C7A01DD1893C00F13FC8 /* Products */;
			projectDirPath = "";
			projectRoot = "";
			targets = (
				7E14C79E1DD1893B00F13FC8 /* 18-自定义Operation */,
				7E14C7B71DD1893C00F13FC8 /* 18-自定义OperationTests */,
				7E14C7C21DD1893C00F13FC8 /* 18-自定义OperationUITests */,
			);
		};
/* End PBXProject section */

/* Begin PBXResourcesBuildPhase section */
		7E14C79D1DD1893B00F13FC8 /* Resources */ = {
			isa = PBXResourcesBuildPhase;
			buildActionMask = 2147483647;
			files = (
				7E29C4581DD30FCB0036DFE9 /* apps.plist in Resources */,
				7E14C7B21DD1893C00F13FC8 /* LaunchScreen.storyboard in Resources */,
				7E14C7AF1DD1893C00F13FC8 /* Assets.xcassets in Resources */,
				7E14C7AD1DD1893C00F13FC8 /* Main.storyboard in Resources */,
			);
			runOnlyForDeploymentPostprocessing = 0;
		};
		7E14C7B61DD1893C00F13FC8 /* Resources */ = {
			isa = PBXResourcesBuildPhase;
			buildActionMask = 2147483647;
			files = (
			);
			runOnlyForDeploymentPostprocessing = 0;
		};
		7E14C7C11DD1893C00F13FC8 /* Resources */ = {
			isa = PBXResourcesBuildPhase;
			buildActionMask = 2147483647;
			files = (
			);
			runOnlyForDeploymentPostprocessing = 0;
		};
/* End PBXResourcesBuildPhase section */

/* Begin PBXSourcesBuildPhase section */
		7E14C79B1DD1893B00F13FC8 /* Sources */ = {
			isa = PBXSourcesBuildPhase;
			buildActionMask = 2147483647;
			files = (
				7E14C7D71DD1896800F13FC8 /* DownloaderOperation.m in Sources */,
				7E29C4501DD3011F0036DFE9 /* NSString+Sandbox.m in Sources */,
				7E29C4531DD303990036DFE9 /* DownloaderOperationManager.m in Sources */,
				7E29C4561DD30FAE0036DFE9 /* AppInfo.m in Sources */,
				7E14C7AA1DD1893C00F13FC8 /* ViewController.m in Sources */,
				7E14C7A71DD1893C00F13FC8 /* AppDelegate.m in Sources */,
				7E14C7A41DD1893C00F13FC8 /* main.m in Sources */,
			);
			runOnlyForDeploymentPostprocessing = 0;
		};
		7E14C7B41DD1893C00F13FC8 /* Sources */ = {
			isa = PBXSourcesBuildPhase;
			buildActionMask = 2147483647;
			files = (
				7E14C7BD1DD1893C00F13FC8 /* _8____OperationTests.m in Sources */,
			);
			runOnlyForDeploymentPostprocessing = 0;
		};
		7E14C7BF1DD1893C00F13FC8 /* Sources */ = {
			isa = PBXSourcesBuildPhase;
			buildActionMask = 2147483647;
			files = (
				7E14C7C81DD1893C00F13FC8 /* _8____OperationUITests.m in Sources */,
			);
			runOnlyForDeploymentPostprocessing = 0;
		};
/* End PBXSourcesBuildPhase section */

/* Begin PBXTargetDependency section */
		7E14C7BA1DD1893C00F13FC8 /* PBXTargetDependency */ = {
			isa = PBXTargetDependency;
			target = 7E14C79E1DD1893B00F13FC8 /* 18-自定义Operation */;
			targetProxy = 7E14C7B91DD1893C00F13FC8 /* PBXContainerItemProxy */;
		};
		7E14C7C51DD1893C00F13FC8 /* PBXTargetDependency */ = {
			isa = PBXTargetDependency;
			target = 7E14C79E1DD1893B00F13FC8 /* 18-自定义Operation */;
			targetProxy = 7E14C7C41DD1893C00F13FC8 /* PBXContainerItemProxy */;
		};
/* End PBXTargetDependency section */

/* Begin PBXVariantGroup section */
		7E14C7AB1DD1893C00F13FC8 /* Main.storyboard */ = {
			isa = PBXVariantGroup;
			children = (
				7E14C7AC1DD1893C00F13FC8 /* Base */,
			);
			name = Main.storyboard;
			sourceTree = "<group>";
		};
		7E14C7B01DD1893C00F13FC8 /* LaunchScreen.storyboard */ = {
			isa = PBXVariantGroup;
			children = (
				7E14C7B11DD1893C00F13FC8 /* Base */,
			);
			name = LaunchScreen.storyboard;
			sourceTree = "<group>";
		};
/* End PBXVariantGroup section */

/* Begin XCBuildConfiguration section */
		7E14C7CA1DD1893C00F13FC8 /* Debug */ = {
			isa = XCBuildConfiguration;
			buildSettings = {
				ALWAYS_SEARCH_USER_PATHS = NO;
				CLANG_ANALYZER_NONNULL = YES;
				CLANG_CXX_LANGUAGE_STANDARD = "gnu++0x";
				CLANG_CXX_LIBRARY = "libc++";
				CLANG_ENABLE_MODULES = YES;
				CLANG_ENABLE_OBJC_ARC = YES;
				CLANG_WARN_BOOL_CONVERSION = YES;
				CLANG_WARN_CONSTANT_CONVERSION = YES;
				CLANG_WARN_DIRECT_OBJC_ISA_USAGE = YES_ERROR;
				CLANG_WARN_DOCUMENTATION_COMMENTS = YES;
				CLANG_WARN_EMPTY_BODY = YES;
				CLANG_WARN_ENUM_CONVERSION = YES;
				CLANG_WARN_INFINITE_RECURSION = YES;
				CLANG_WARN_INT_CONVERSION = YES;
				CLANG_WARN_OBJC_ROOT_CLASS = YES_ERROR;
				CLANG_WARN_SUSPICIOUS_MOVES = YES;
				CLANG_WARN_UNREACHABLE_CODE = YES;
				CLANG_WARN__DUPLICATE_METHOD_MATCH = YES;
				"CODE_SIGN_IDENTITY[sdk=iphoneos*]" = "iPhone Developer";
				COPY_PHASE_STRIP = NO;
				DEBUG_INFORMATION_FORMAT = dwarf;
				ENABLE_STRICT_OBJC_MSGSEND = YES;
				ENABLE_TESTABILITY = YES;
				GCC_C_LANGUAGE_STANDARD = gnu99;
				GCC_DYNAMIC_NO_PIC = NO;
				GCC_NO_COMMON_BLOCKS = YES;
				GCC_OPTIMIZATION_LEVEL = 0;
				GCC_PREPROCESSOR_DEFINITIONS = (
					"DEBUG=1",
					"$(inherited)",
				);
				GCC_WARN_64_TO_32_BIT_CONVERSION = YES;
				GCC_WARN_ABOUT_RETURN_TYPE = YES_ERROR;
				GCC_WARN_UNDECLARED_SELECTOR = YES;
				GCC_WARN_UNINITIALIZED_AUTOS = YES_AGGRESSIVE;
				GCC_WARN_UNUSED_FUNCTION = YES;
				GCC_WARN_UNUSED_VARIABLE = YES;
				IPHONEOS_DEPLOYMENT_TARGET = 10.0;
				MTL_ENABLE_DEBUG_INFO = YES;
				ONLY_ACTIVE_ARCH = YES;
				SDKROOT = iphoneos;
			};
			name = Debug;
		};
		7E14C7CB1DD1893C00F13FC8 /* Release */ = {
			isa = XCBuildConfiguration;
			buildSettings = {
				ALWAYS_SEARCH_USER_PATHS = NO;
				CLANG_ANALYZER_NONNULL = YES;
				CLANG_CXX_LANGUAGE_STANDARD = "gnu++0x";
				CLANG_CXX_LIBRARY = "libc++";
				CLANG_ENABLE_MODULES = YES;
				CLANG_ENABLE_OBJC_ARC = YES;
				CLANG_WARN_BOOL_CONVERSION = YES;
				CLANG_WARN_CONSTANT_CONVERSION = YES;
				CLANG_WARN_DIRECT_OBJC_ISA_USAGE = YES_ERROR;
				CLANG_WARN_DOCUMENTATION_COMMENTS = YES;
				CLANG_WARN_EMPTY_BODY = YES;
				CLANG_WARN_ENUM_CONVERSION = YES;
				CLANG_WARN_INFINITE_RECURSION = YES;
				CLANG_WARN_INT_CONVERSION = YES;
				CLANG_WARN_OBJC_ROOT_CLASS = YES_ERROR;
				CLANG_WARN_SUSPICIOUS_MOVES = YES;
				CLANG_WARN_UNREACHABLE_CODE = YES;
				CLANG_WARN__DUPLICATE_METHOD_MATCH = YES;
				"CODE_SIGN_IDENTITY[sdk=iphoneos*]" = "iPhone Developer";
				COPY_PHASE_STRIP = NO;
				DEBUG_INFORMATION_FORMAT = "dwarf-with-dsym";
				ENABLE_NS_ASSERTIONS = NO;
				ENABLE_STRICT_OBJC_MSGSEND = YES;
				GCC_C_LANGUAGE_STANDARD = gnu99;
				GCC_NO_COMMON_BLOCKS = YES;
				GCC_WARN_64_TO_32_BIT_CONVERSION = YES;
				GCC_WARN_ABOUT_RETURN_TYPE = YES_ERROR;
				GCC_WARN_UNDECLARED_SELECTOR = YES;
				GCC_WARN_UNINITIALIZED_AUTOS = YES_AGGRESSIVE;
				GCC_WARN_UNUSED_FUNCTION = YES;
				GCC_WARN_UNUSED_VARIABLE = YES;
				IPHONEOS_DEPLOYMENT_TARGET = 10.0;
				MTL_ENABLE_DEBUG_INFO = NO;
				SDKROOT = iphoneos;
				VALIDATE_PRODUCT = YES;
			};
			name = Release;
		};
		7E14C7CD1DD1893C00F13FC8 /* Debug */ = {
			isa = XCBuildConfiguration;
			buildSettings = {
				ASSETCATALOG_COMPILER_APPICON_NAME = AppIcon;
				INFOPLIST_FILE = "18-自定义Operation/Info.plist";
				LD_RUNPATH_SEARCH_PATHS = "$(inherited) @executable_path/Frameworks";
				PRODUCT_BUNDLE_IDENTIFIER = "cn.sdd.-8----Operation";
				PRODUCT_NAME = "$(TARGET_NAME)";
			};
			name = Debug;
		};
		7E14C7CE1DD1893C00F13FC8 /* Release */ = {
			isa = XCBuildConfiguration;
			buildSettings = {
				ASSETCATALOG_COMPILER_APPICON_NAME = AppIcon;
				INFOPLIST_FILE = "18-自定义Operation/Info.plist";
				LD_RUNPATH_SEARCH_PATHS = "$(inherited) @executable_path/Frameworks";
				PRODUCT_BUNDLE_IDENTIFIER = "cn.sdd.-8----Operation";
				PRODUCT_NAME = "$(TARGET_NAME)";
			};
			name = Release;
		};
		7E14C7D01DD1893C00F13FC8 /* Debug */ = {
			isa = XCBuildConfiguration;
			buildSettings = {
				BUNDLE_LOADER = "$(TEST_HOST)";
				INFOPLIST_FILE = "18-自定义OperationTests/Info.plist";
				LD_RUNPATH_SEARCH_PATHS = "$(inherited) @executable_path/Frameworks @loader_path/Frameworks";
				PRODUCT_BUNDLE_IDENTIFIER = "cn.sdd.-8----OperationTests";
				PRODUCT_NAME = "$(TARGET_NAME)";
				TEST_HOST = "$(BUILT_PRODUCTS_DIR)/18-自定义Operation.app/18-自定义Operation";
			};
			name = Debug;
		};
		7E14C7D11DD1893C00F13FC8 /* Release */ = {
			isa = XCBuildConfiguration;
			buildSettings = {
				BUNDLE_LOADER = "$(TEST_HOST)";
				INFOPLIST_FILE = "18-自定义OperationTests/Info.plist";
				LD_RUNPATH_SEARCH_PATHS = "$(inherited) @executable_path/Frameworks @loader_path/Frameworks";
				PRODUCT_BUNDLE_IDENTIFIER = "cn.sdd.-8----OperationTests";
				PRODUCT_NAME = "$(TARGET_NAME)";
				TEST_HOST = "$(BUILT_PRODUCTS_DIR)/18-自定义Operation.app/18-自定义Operation";
			};
			name = Release;
		};
		7E14C7D31DD1893C00F13FC8 /* Debug */ = {
			isa = XCBuildConfiguration;
			buildSettings = {
				INFOPLIST_FILE = "18-自定义OperationUITests/Info.plist";
				LD_RUNPATH_SEARCH_PATHS = "$(inherited) @executable_path/Frameworks @loader_path/Frameworks";
				PRODUCT_BUNDLE_IDENTIFIER = "cn.sdd.-8----OperationUITests";
				PRODUCT_NAME = "$(TARGET_NAME)";
				TEST_TARGET_NAME = "18-自定义Operation";
			};
			name = Debug;
		};
		7E14C7D41DD1893C00F13FC8 /* Release */ = {
			isa = XCBuildConfiguration;
			buildSettings = {
				INFOPLIST_FILE = "18-自定义OperationUITests/Info.plist";
				LD_RUNPATH_SEARCH_PATHS = "$(inherited) @executable_path/Frameworks @loader_path/Frameworks";
				PRODUCT_BUNDLE_IDENTIFIER = "cn.sdd.-8----OperationUITests";
				PRODUCT_NAME = "$(TARGET_NAME)";
				TEST_TARGET_NAME = "18-自定义Operation";
			};
			name = Release;
		};
/* End XCBuildConfiguration section */

/* Begin XCConfigurationList section */
		7E14C79A1DD1893B00F13FC8 /* Build configuration list for PBXProject "18-自定义Operation" */ = {
			isa = XCConfigurationList;
			buildConfigurations = (
				7E14C7CA1DD1893C00F13FC8 /* Debug */,
				7E14C7CB1DD1893C00F13FC8 /* Release */,
			);
			defaultConfigurationIsVisible = 0;
			defaultConfigurationName = Release;
		};
		7E14C7CC1DD1893C00F13FC8 /* Build configuration list for PBXNativeTarget "18-自定义Operation" */ = {
			isa = XCConfigurationList;
			buildConfigurations = (
				7E14C7CD1DD1893C00F13FC8 /* Debug */,
				7E14C7CE1DD1893C00F13FC8 /* Release */,
			);
			defaultConfigurationIsVisible = 0;
			defaultConfigurationName = Release;
		};
		7E14C7CF1DD1893C00F13FC8 /* Build configuration list for PBXNativeTarget "18-自定义OperationTests" */ = {
			isa = XCConfigurationList;
			buildConfigurations = (
				7E14C7D01DD1893C00F13FC8 /* Debug */,
				7E14C7D11DD1893C00F13FC8 /* Release */,
			);
			defaultConfigurationIsVisible = 0;
			defaultConfigurationName = Release;
		};
		7E14C7D21DD1893C00F13FC8 /* Build configuration list for PBXNativeTarget "18-自定义OperationUITests" */ = {
			isa = XCConfigurationList;
			buildConfigurations = (
				7E14C7D31DD1893C00F13FC8 /* Debug */,
				7E14C7D41DD1893C00F13FC8 /* Release */,
			);
			defaultConfigurationIsVisible = 0;
			defaultConfigurationName = Release;
		};
/* End XCConfigurationList section */
	};
	rootObject = 7E14C7971DD1893B00F13FC8 /* Project object */;
}
