// !$*UTF8*$!
{
	archiveVersion = 1;
	classes = {
	};
	objectVersion = 46;
	objects = {

/* Begin PBXBuildFile section */
		7ECC03D01DB27963003300C9 /* main.m in Sources */ = {isa = PBXBuildFile; fileRef = 7ECC03CF1DB27963003300C9 /* main.m */; };
		7ECC03D31DB27963003300C9 /* AppDelegate.m in Sources */ = {isa = PBXBuildFile; fileRef = 7ECC03D21DB27963003300C9 /* AppDelegate.m */; };
		7ECC03D61DB27963003300C9 /* ViewController.m in Sources */ = {isa = PBXBuildFile; fileRef = 7ECC03D51DB27963003300C9 /* ViewController.m */; };
		7ECC03D91DB27963003300C9 /* Main.storyboard in Resources */ = {isa = PBXBuildFile; fileRef = 7ECC03D71DB27963003300C9 /* Main.storyboard */; };
		7ECC03DB1DB27963003300C9 /* Assets.xcassets in Resources */ = {isa = PBXBuildFile; fileRef = 7ECC03DA1DB27963003300C9 /* Assets.xcassets */; };
		7ECC03DE1DB27963003300C9 /* LaunchScreen.storyboard in Resources */ = {isa = PBXBuildFile; fileRef = 7ECC03DC1DB27963003300C9 /* LaunchScreen.storyboard */; };
		7ECC03E91DB27963003300C9 /* _9_____Tests.m in Sources */ = {isa = PBXBuildFile; fileRef = 7ECC03E81DB27963003300C9 /* _9_____Tests.m */; };
		7ECC03F41DB27963003300C9 /* _9_____UITests.m in Sources */ = {isa = PBXBuildFile; fileRef = 7ECC03F31DB27963003300C9 /* _9_____UITests.m */; };
/* End PBXBuildFile section */

/* Begin PBXContainerItemProxy section */
		7ECC03E51DB27963003300C9 /* PBXContainerItemProxy */ = {
			isa = PBXContainerItemProxy;
			containerPortal = 7ECC03C31DB27963003300C9 /* Project object */;
			proxyType = 1;
			remoteGlobalIDString = 7ECC03CA1DB27963003300C9;
			remoteInfo = "09-并行队列";
		};
		7ECC03F01DB27963003300C9 /* PBXContainerItemProxy */ = {
			isa = PBXContainerItemProxy;
			containerPortal = 7ECC03C31DB27963003300C9 /* Project object */;
			proxyType = 1;
			remoteGlobalIDString = 7ECC03CA1DB27963003300C9;
			remoteInfo = "09-并行队列";
		};
/* End PBXContainerItemProxy section */

/* Begin PBXFileReference section */
		7ECC03CB1DB27963003300C9 /* 09-并行队列.app */ = {isa = PBXFileReference; explicitFileType = wrapper.application; includeInIndex = 0; path = "09-并行队列.app"; sourceTree = BUILT_PRODUCTS_DIR; };
		7ECC03CF1DB27963003300C9 /* main.m */ = {isa = PBXFileReference; lastKnownFileType = sourcecode.c.objc; path = main.m; sourceTree = "<group>"; };
		7ECC03D11DB27963003300C9 /* AppDelegate.h */ = {isa = PBXFileReference; lastKnownFileType = sourcecode.c.h; path = AppDelegate.h; sourceTree = "<group>"; };
		7ECC03D21DB27963003300C9 /* AppDelegate.m */ = {isa = PBXFileReference; lastKnownFileType = sourcecode.c.objc; path = AppDelegate.m; sourceTree = "<group>"; };
		7ECC03D41DB27963003300C9 /* ViewController.h */ = {isa = PBXFileReference; lastKnownFileType = sourcecode.c.h; path = ViewController.h; sourceTree = "<group>"; };
		7ECC03D51DB27963003300C9 /* ViewController.m */ = {isa = PBXFileReference; lastKnownFileType = sourcecode.c.objc; path = ViewController.m; sourceTree = "<group>"; };
		7ECC03D81DB27963003300C9 /* Base */ = {isa = PBXFileReference; lastKnownFileType = file.storyboard; name = Base; path = Base.lproj/Main.storyboard; sourceTree = "<group>"; };
		7ECC03DA1DB27963003300C9 /* Assets.xcassets */ = {isa = PBXFileReference; lastKnownFileType = folder.assetcatalog; path = Assets.xcassets; sourceTree = "<group>"; };
		7ECC03DD1DB27963003300C9 /* Base */ = {isa = PBXFileReference; lastKnownFileType = file.storyboard; name = Base; path = Base.lproj/LaunchScreen.storyboard; sourceTree = "<group>"; };
		7ECC03DF1DB27963003300C9 /* Info.plist */ = {isa = PBXFileReference; lastKnownFileType = text.plist.xml; path = Info.plist; sourceTree = "<group>"; };
		7ECC03E41DB27963003300C9 /* 09-并行队列Tests.xctest */ = {isa = PBXFileReference; explicitFileType = wrapper.cfbundle; includeInIndex = 0; path = "09-并行队列Tests.xctest"; sourceTree = BUILT_PRODUCTS_DIR; };
		7ECC03E81DB27963003300C9 /* _9_____Tests.m */ = {isa = PBXFileReference; lastKnownFileType = sourcecode.c.objc; path = "_9_____Tests.m"; sourceTree = "<group>"; };
		7ECC03EA1DB27963003300C9 /* Info.plist */ = {isa = PBXFileReference; lastKnownFileType = text.plist.xml; path = Info.plist; sourceTree = "<group>"; };
		7ECC03EF1DB27963003300C9 /* 09-并行队列UITests.xctest */ = {isa = PBXFileReference; explicitFileType = wrapper.cfbundle; includeInIndex = 0; path = "09-并行队列UITests.xctest"; sourceTree = BUILT_PRODUCTS_DIR; };
		7ECC03F31DB27963003300C9 /* _9_____UITests.m */ = {isa = PBXFileReference; lastKnownFileType = sourcecode.c.objc; path = "_9_____UITests.m"; sourceTree = "<group>"; };
		7ECC03F51DB27963003300C9 /* Info.plist */ = {isa = PBXFileReference; lastKnownFileType = text.plist.xml; path = Info.plist; sourceTree = "<group>"; };
/* End PBXFileReference section */

/* Begin PBXFrameworksBuildPhase section */
		7ECC03C81DB27963003300C9 /* Frameworks */ = {
			isa = PBXFrameworksBuildPhase;
			buildActionMask = 2147483647;
			files = (
			);
			runOnlyForDeploymentPostprocessing = 0;
		};
		7ECC03E11DB27963003300C9 /* Frameworks */ = {
			isa = PBXFrameworksBuildPhase;
			buildActionMask = 2147483647;
			files = (
			);
			runOnlyForDeploymentPostprocessing = 0;
		};
		7ECC03EC1DB27963003300C9 /* Frameworks */ = {
			isa = PBXFrameworksBuildPhase;
			buildActionMask = 2147483647;
			files = (
			);
			runOnlyForDeploymentPostprocessing = 0;
		};
/* End PBXFrameworksBuildPhase section */

/* Begin PBXGroup section */
		7ECC03C21DB27963003300C9 = {
			isa = PBXGroup;
			children = (
				7ECC03CD1DB27963003300C9 /* 09-并行队列 */,
				7ECC03E71DB27963003300C9 /* 09-并行队列Tests */,
				7ECC03F21DB27963003300C9 /* 09-并行队列UITests */,
				7ECC03CC1DB27963003300C9 /* Products */,
			);
			sourceTree = "<group>";
		};
		7ECC03CC1DB27963003300C9 /* Products */ = {
			isa = PBXGroup;
			children = (
				7ECC03CB1DB27963003300C9 /* 09-并行队列.app */,
				7ECC03E41DB27963003300C9 /* 09-并行队列Tests.xctest */,
				7ECC03EF1DB27963003300C9 /* 09-并行队列UITests.xctest */,
			);
			name = Products;
			sourceTree = "<group>";
		};
		7ECC03CD1DB27963003300C9 /* 09-并行队列 */ = {
			isa = PBXGroup;
			children = (
				7ECC03D11DB27963003300C9 /* AppDelegate.h */,
				7ECC03D21DB27963003300C9 /* AppDelegate.m */,
				7ECC03D41DB27963003300C9 /* ViewController.h */,
				7ECC03D51DB27963003300C9 /* ViewController.m */,
				7ECC03D71DB27963003300C9 /* Main.storyboard */,
				7ECC03DA1DB27963003300C9 /* Assets.xcassets */,
				7ECC03DC1DB27963003300C9 /* LaunchScreen.storyboard */,
				7ECC03DF1DB27963003300C9 /* Info.plist */,
				7ECC03CE1DB27963003300C9 /* Supporting Files */,
			);
			path = "09-并行队列";
			sourceTree = "<group>";
		};
		7ECC03CE1DB27963003300C9 /* Supporting Files */ = {
			isa = PBXGroup;
			children = (
				7ECC03CF1DB27963003300C9 /* main.m */,
			);
			name = "Supporting Files";
			sourceTree = "<group>";
		};
		7ECC03E71DB27963003300C9 /* 09-并行队列Tests */ = {
			isa = PBXGroup;
			children = (
				7ECC03E81DB27963003300C9 /* _9_____Tests.m */,
				7ECC03EA1DB27963003300C9 /* Info.plist */,
			);
			path = "09-并行队列Tests";
			sourceTree = "<group>";
		};
		7ECC03F21DB27963003300C9 /* 09-并行队列UITests */ = {
			isa = PBXGroup;
			children = (
				7ECC03F31DB27963003300C9 /* _9_____UITests.m */,
				7ECC03F51DB27963003300C9 /* Info.plist */,
			);
			path = "09-并行队列UITests";
			sourceTree = "<group>";
		};
/* End PBXGroup section */

/* Begin PBXNativeTarget section */
		7ECC03CA1DB27963003300C9 /* 09-并行队列 */ = {
			isa = PBXNativeTarget;
			buildConfigurationList = 7ECC03F81DB27963003300C9 /* Build configuration list for PBXNativeTarget "09-并行队列" */;
			buildPhases = (
				7ECC03C71DB27963003300C9 /* Sources */,
				7ECC03C81DB27963003300C9 /* Frameworks */,
				7ECC03C91DB27963003300C9 /* Resources */,
			);
			buildRules = (
			);
			dependencies = (
			);
			name = "09-并行队列";
			productName = "09-并行队列";
			productReference = 7ECC03CB1DB27963003300C9 /* 09-并行队列.app */;
			productType = "com.apple.product-type.application";
		};
		7ECC03E31DB27963003300C9 /* 09-并行队列Tests */ = {
			isa = PBXNativeTarget;
			buildConfigurationList = 7ECC03FB1DB27963003300C9 /* Build configuration list for PBXNativeTarget "09-并行队列Tests" */;
			buildPhases = (
				7ECC03E01DB27963003300C9 /* Sources */,
				7ECC03E11DB27963003300C9 /* Frameworks */,
				7ECC03E21DB27963003300C9 /* Resources */,
			);
			buildRules = (
			);
			dependencies = (
				7ECC03E61DB27963003300C9 /* PBXTargetDependency */,
			);
			name = "09-并行队列Tests";
			productName = "09-并行队列Tests";
			productReference = 7ECC03E41DB27963003300C9 /* 09-并行队列Tests.xctest */;
			productType = "com.apple.product-type.bundle.unit-test";
		};
		7ECC03EE1DB27963003300C9 /* 09-并行队列UITests */ = {
			isa = PBXNativeTarget;
			buildConfigurationList = 7ECC03FE1DB27963003300C9 /* Build configuration list for PBXNativeTarget "09-并行队列UITests" */;
			buildPhases = (
				7ECC03EB1DB27963003300C9 /* Sources */,
				7ECC03EC1DB27963003300C9 /* Frameworks */,
				7ECC03ED1DB27963003300C9 /* Resources */,
			);
			buildRules = (
			);
			dependencies = (
				7ECC03F11DB27963003300C9 /* PBXTargetDependency */,
			);
			name = "09-并行队列UITests";
			productName = "09-并行队列UITests";
			productReference = 7ECC03EF1DB27963003300C9 /* 09-并行队列UITests.xctest */;
			productType = "com.apple.product-type.bundle.ui-testing";
		};
/* End PBXNativeTarget section */

/* Begin PBXProject section */
		7ECC03C31DB27963003300C9 /* Project object */ = {
			isa = PBXProject;
			attributes = {
				LastUpgradeCheck = 0800;
				ORGANIZATIONNAME = SDD;
				TargetAttributes = {
					7ECC03CA1DB27963003300C9 = {
						CreatedOnToolsVersion = 8.0;
						ProvisioningStyle = Automatic;
					};
					7ECC03E31DB27963003300C9 = {
						CreatedOnToolsVersion = 8.0;
						ProvisioningStyle = Automatic;
						TestTargetID = 7ECC03CA1DB27963003300C9;
					};
					7ECC03EE1DB27963003300C9 = {
						CreatedOnToolsVersion = 8.0;
						ProvisioningStyle = Automatic;
						TestTargetID = 7ECC03CA1DB27963003300C9;
					};
				};
			};
			buildConfigurationList = 7ECC03C61DB27963003300C9 /* Build configuration list for PBXProject "09-并行队列" */;
			compatibilityVersion = "Xcode 3.2";
			developmentRegion = English;
			hasScannedForEncodings = 0;
			knownRegions = (
				en,
				Base,
			);
			mainGroup = 7ECC03C21DB27963003300C9;
			productRefGroup = 7ECC03CC1DB27963003300C9 /* Products */;
			projectDirPath = "";
			projectRoot = "";
			targets = (
				7ECC03CA1DB27963003300C9 /* 09-并行队列 */,
				7ECC03E31DB27963003300C9 /* 09-并行队列Tests */,
				7ECC03EE1DB27963003300C9 /* 09-并行队列UITests */,
			);
		};
/* End PBXProject section */

/* Begin PBXResourcesBuildPhase section */
		7ECC03C91DB27963003300C9 /* Resources */ = {
			isa = PBXResourcesBuildPhase;
			buildActionMask = 2147483647;
			files = (
				7ECC03DE1DB27963003300C9 /* LaunchScreen.storyboard in Resources */,
				7ECC03DB1DB27963003300C9 /* Assets.xcassets in Resources */,
				7ECC03D91DB27963003300C9 /* Main.storyboard in Resources */,
			);
			runOnlyForDeploymentPostprocessing = 0;
		};
		7ECC03E21DB27963003300C9 /* Resources */ = {
			isa = PBXResourcesBuildPhase;
			buildActionMask = 2147483647;
			files = (
			);
			runOnlyForDeploymentPostprocessing = 0;
		};
		7ECC03ED1DB27963003300C9 /* Resources */ = {
			isa = PBXResourcesBuildPhase;
			buildActionMask = 2147483647;
			files = (
			);
			runOnlyForDeploymentPostprocessing = 0;
		};
/* End PBXResourcesBuildPhase section */

/* Begin PBXSourcesBuildPhase section */
		7ECC03C71DB27963003300C9 /* Sources */ = {
			isa = PBXSourcesBuildPhase;
			buildActionMask = 2147483647;
			files = (
				7ECC03D61DB27963003300C9 /* ViewController.m in Sources */,
				7ECC03D31DB27963003300C9 /* AppDelegate.m in Sources */,
				7ECC03D01DB27963003300C9 /* main.m in Sources */,
			);
			runOnlyForDeploymentPostprocessing = 0;
		};
		7ECC03E01DB27963003300C9 /* Sources */ = {
			isa = PBXSourcesBuildPhase;
			buildActionMask = 2147483647;
			files = (
				7ECC03E91DB27963003300C9 /* _9_____Tests.m in Sources */,
			);
			runOnlyForDeploymentPostprocessing = 0;
		};
		7ECC03EB1DB27963003300C9 /* Sources */ = {
			isa = PBXSourcesBuildPhase;
			buildActionMask = 2147483647;
			files = (
				7ECC03F41DB27963003300C9 /* _9_____UITests.m in Sources */,
			);
			runOnlyForDeploymentPostprocessing = 0;
		};
/* End PBXSourcesBuildPhase section */

/* Begin PBXTargetDependency section */
		7ECC03E61DB27963003300C9 /* PBXTargetDependency */ = {
			isa = PBXTargetDependency;
			target = 7ECC03CA1DB27963003300C9 /* 09-并行队列 */;
			targetProxy = 7ECC03E51DB27963003300C9 /* PBXContainerItemProxy */;
		};
		7ECC03F11DB27963003300C9 /* PBXTargetDependency */ = {
			isa = PBXTargetDependency;
			target = 7ECC03CA1DB27963003300C9 /* 09-并行队列 */;
			targetProxy = 7ECC03F01DB27963003300C9 /* PBXContainerItemProxy */;
		};
/* End PBXTargetDependency section */

/* Begin PBXVariantGroup section */
		7ECC03D71DB27963003300C9 /* Main.storyboard */ = {
			isa = PBXVariantGroup;
			children = (
				7ECC03D81DB27963003300C9 /* Base */,
			);
			name = Main.storyboard;
			sourceTree = "<group>";
		};
		7ECC03DC1DB27963003300C9 /* LaunchScreen.storyboard */ = {
			isa = PBXVariantGroup;
			children = (
				7ECC03DD1DB27963003300C9 /* Base */,
			);
			name = LaunchScreen.storyboard;
			sourceTree = "<group>";
		};
/* End PBXVariantGroup section */

/* Begin XCBuildConfiguration section */
		7ECC03F61DB27963003300C9 /* Debug */ = {
			isa = XCBuildConfiguration;
			buildSettings = {
				ALWAYS_SEARCH_USER_PATHS = NO;
				CLANG_ANALYZER_NONNULL = YES;
				CLANG_CXX_LANGUAGE_STANDARD = "gnu++0x";
				CLANG_CXX_LIBRARY = "libc++";
				CLANG_ENABLE_MODULES = YES;
				CLANG_ENABLE_OBJC_ARC = YES;
				CLANG_WARN_BOOL_CONVERSION = YES;
				CLANG_WARN_CONSTANT_CONVERSION = YES;
				CLANG_WARN_DIRECT_OBJC_ISA_USAGE = YES_ERROR;
				CLANG_WARN_DOCUMENTATION_COMMENTS = YES;
				CLANG_WARN_EMPTY_BODY = YES;
				CLANG_WARN_ENUM_CONVERSION = YES;
				CLANG_WARN_INFINITE_RECURSION = YES;
				CLANG_WARN_INT_CONVERSION = YES;
				CLANG_WARN_OBJC_ROOT_CLASS = YES_ERROR;
				CLANG_WARN_SUSPICIOUS_MOVES = YES;
				CLANG_WARN_UNREACHABLE_CODE = YES;
				CLANG_WARN__DUPLICATE_METHOD_MATCH = YES;
				"CODE_SIGN_IDENTITY[sdk=iphoneos*]" = "iPhone Developer";
				COPY_PHASE_STRIP = NO;
				DEBUG_INFORMATION_FORMAT = dwarf;
				ENABLE_STRICT_OBJC_MSGSEND = YES;
				ENABLE_TESTABILITY = YES;
				GCC_C_LANGUAGE_STANDARD = gnu99;
				GCC_DYNAMIC_NO_PIC = NO;
				GCC_NO_COMMON_BLOCKS = YES;
				GCC_OPTIMIZATION_LEVEL = 0;
				GCC_PREPROCESSOR_DEFINITIONS = (
					"DEBUG=1",
					"$(inherited)",
				);
				GCC_WARN_64_TO_32_BIT_CONVERSION = YES;
				GCC_WARN_ABOUT_RETURN_TYPE = YES_ERROR;
				GCC_WARN_UNDECLARED_SELECTOR = YES;
				GCC_WARN_UNINITIALIZED_AUTOS = YES_AGGRESSIVE;
				GCC_WARN_UNUSED_FUNCTION = YES;
				GCC_WARN_UNUSED_VARIABLE = YES;
				IPHONEOS_DEPLOYMENT_TARGET = 10.0;
				MTL_ENABLE_DEBUG_INFO = YES;
				ONLY_ACTIVE_ARCH = YES;
				SDKROOT = iphoneos;
			};
			name = Debug;
		};
		7ECC03F71DB27963003300C9 /* Release */ = {
			isa = XCBuildConfiguration;
			buildSettings = {
				ALWAYS_SEARCH_USER_PATHS = NO;
				CLANG_ANALYZER_NONNULL = YES;
				CLANG_CXX_LANGUAGE_STANDARD = "gnu++0x";
				CLANG_CXX_LIBRARY = "libc++";
				CLANG_ENABLE_MODULES = YES;
				CLANG_ENABLE_OBJC_ARC = YES;
				CLANG_WARN_BOOL_CONVERSION = YES;
				CLANG_WARN_CONSTANT_CONVERSION = YES;
				CLANG_WARN_DIRECT_OBJC_ISA_USAGE = YES_ERROR;
				CLANG_WARN_DOCUMENTATION_COMMENTS = YES;
				CLANG_WARN_EMPTY_BODY = YES;
				CLANG_WARN_ENUM_CONVERSION = YES;
				CLANG_WARN_INFINITE_RECURSION = YES;
				CLANG_WARN_INT_CONVERSION = YES;
				CLANG_WARN_OBJC_ROOT_CLASS = YES_ERROR;
				CLANG_WARN_SUSPICIOUS_MOVES = YES;
				CLANG_WARN_UNREACHABLE_CODE = YES;
				CLANG_WARN__DUPLICATE_METHOD_MATCH = YES;
				"CODE_SIGN_IDENTITY[sdk=iphoneos*]" = "iPhone Developer";
				COPY_PHASE_STRIP = NO;
				DEBUG_INFORMATION_FORMAT = "dwarf-with-dsym";
				ENABLE_NS_ASSERTIONS = NO;
				ENABLE_STRICT_OBJC_MSGSEND = YES;
				GCC_C_LANGUAGE_STANDARD = gnu99;
				GCC_NO_COMMON_BLOCKS = YES;
				GCC_WARN_64_TO_32_BIT_CONVERSION = YES;
				GCC_WARN_ABOUT_RETURN_TYPE = YES_ERROR;
				GCC_WARN_UNDECLARED_SELECTOR = YES;
				GCC_WARN_UNINITIALIZED_AUTOS = YES_AGGRESSIVE;
				GCC_WARN_UNUSED_FUNCTION = YES;
				GCC_WARN_UNUSED_VARIABLE = YES;
				IPHONEOS_DEPLOYMENT_TARGET = 10.0;
				MTL_ENABLE_DEBUG_INFO = NO;
				SDKROOT = iphoneos;
				VALIDATE_PRODUCT = YES;
			};
			name = Release;
		};
		7ECC03F91DB27963003300C9 /* Debug */ = {
			isa = XCBuildConfiguration;
			buildSettings = {
				ASSETCATALOG_COMPILER_APPICON_NAME = AppIcon;
				INFOPLIST_FILE = "09-并行队列/Info.plist";
				LD_RUNPATH_SEARCH_PATHS = "$(inherited) @executable_path/Frameworks";
				PRODUCT_BUNDLE_IDENTIFIER = "cn.sdd.-9-----";
				PRODUCT_NAME = "$(TARGET_NAME)";
			};
			name = Debug;
		};
		7ECC03FA1DB27963003300C9 /* Release */ = {
			isa = XCBuildConfiguration;
			buildSettings = {
				ASSETCATALOG_COMPILER_APPICON_NAME = AppIcon;
				INFOPLIST_FILE = "09-并行队列/Info.plist";
				LD_RUNPATH_SEARCH_PATHS = "$(inherited) @executable_path/Frameworks";
				PRODUCT_BUNDLE_IDENTIFIER = "cn.sdd.-9-----";
				PRODUCT_NAME = "$(TARGET_NAME)";
			};
			name = Release;
		};
		7ECC03FC1DB27963003300C9 /* Debug */ = {
			isa = XCBuildConfiguration;
			buildSettings = {
				BUNDLE_LOADER = "$(TEST_HOST)";
				INFOPLIST_FILE = "09-并行队列Tests/Info.plist";
				LD_RUNPATH_SEARCH_PATHS = "$(inherited) @executable_path/Frameworks @loader_path/Frameworks";
				PRODUCT_BUNDLE_IDENTIFIER = "cn.sdd.-9-----Tests";
				PRODUCT_NAME = "$(TARGET_NAME)";
				TEST_HOST = "$(BUILT_PRODUCTS_DIR)/09-并行队列.app/09-并行队列";
			};
			name = Debug;
		};
		7ECC03FD1DB27963003300C9 /* Release */ = {
			isa = XCBuildConfiguration;
			buildSettings = {
				BUNDLE_LOADER = "$(TEST_HOST)";
				INFOPLIST_FILE = "09-并行队列Tests/Info.plist";
				LD_RUNPATH_SEARCH_PATHS = "$(inherited) @executable_path/Frameworks @loader_path/Frameworks";
				PRODUCT_BUNDLE_IDENTIFIER = "cn.sdd.-9-----Tests";
				PRODUCT_NAME = "$(TARGET_NAME)";
				TEST_HOST = "$(BUILT_PRODUCTS_DIR)/09-并行队列.app/09-并行队列";
			};
			name = Release;
		};
		7ECC03FF1DB27963003300C9 /* Debug */ = {
			isa = XCBuildConfiguration;
			buildSettings = {
				INFOPLIST_FILE = "09-并行队列UITests/Info.plist";
				LD_RUNPATH_SEARCH_PATHS = "$(inherited) @executable_path/Frameworks @loader_path/Frameworks";
				PRODUCT_BUNDLE_IDENTIFIER = "cn.sdd.-9-----UITests";
				PRODUCT_NAME = "$(TARGET_NAME)";
				TEST_TARGET_NAME = "09-并行队列";
			};
			name = Debug;
		};
		7ECC04001DB27963003300C9 /* Release */ = {
			isa = XCBuildConfiguration;
			buildSettings = {
				INFOPLIST_FILE = "09-并行队列UITests/Info.plist";
				LD_RUNPATH_SEARCH_PATHS = "$(inherited) @executable_path/Frameworks @loader_path/Frameworks";
				PRODUCT_BUNDLE_IDENTIFIER = "cn.sdd.-9-----UITests";
				PRODUCT_NAME = "$(TARGET_NAME)";
				TEST_TARGET_NAME = "09-并行队列";
			};
			name = Release;
		};
/* End XCBuildConfiguration section */

/* Begin XCConfigurationList section */
		7ECC03C61DB27963003300C9 /* Build configuration list for PBXProject "09-并行队列" */ = {
			isa = XCConfigurationList;
			buildConfigurations = (
				7ECC03F61DB27963003300C9 /* Debug */,
				7ECC03F71DB27963003300C9 /* Release */,
			);
			defaultConfigurationIsVisible = 0;
			defaultConfigurationName = Release;
		};
		7ECC03F81DB27963003300C9 /* Build configuration list for PBXNativeTarget "09-并行队列" */ = {
			isa = XCConfigurationList;
			buildConfigurations = (
				7ECC03F91DB27963003300C9 /* Debug */,
				7ECC03FA1DB27963003300C9 /* Release */,
			);
			defaultConfigurationIsVisible = 0;
		};
		7ECC03FB1DB27963003300C9 /* Build configuration list for PBXNativeTarget "09-并行队列Tests" */ = {
			isa = XCConfigurationList;
			buildConfigurations = (
				7ECC03FC1DB27963003300C9 /* Debug */,
				7ECC03FD1DB27963003300C9 /* Release */,
			);
			defaultConfigurationIsVisible = 0;
		};
		7ECC03FE1DB27963003300C9 /* Build configuration list for PBXNativeTarget "09-并行队列UITests" */ = {
			isa = XCConfigurationList;
			buildConfigurations = (
				7ECC03FF1DB27963003300C9 /* Debug */,
				7ECC04001DB27963003300C9 /* Release */,
			);
			defaultConfigurationIsVisible = 0;
		};
/* End XCConfigurationList section */
	};
	rootObject = 7ECC03C31DB27963003300C9 /* Project object */;
}
